
Microsoft Visual Studio Solution File, Format Version 12.00
# Visual Studio Version 16
VisualStudioVersion = 16.0.29411.108
MinimumVisualStudioVersion = 10.0.40219.1
Project("{9A19103F-16F7-4668-BE54-9A1E7A4F7556}") = "BlogCore", "BlogCore.csproj", "{B9F62E96-74EE-4604-A09F-0781DC68A228}"
EndProject
Project("{9A19103F-16F7-4668-BE54-9A1E7A4F7556}") = "BlogCore.Model", "BlogCore.Model\BlogCore.Model.csproj", "{BE623D75-1939-4036-A8C7-14C2A24AD315}"
EndProject
Global
	GlobalSection(SolutionConfigurationPlatforms) = preSolution
		Debug|Any CPU = Debug|Any CPU
		Release|Any CPU = Release|Any CPU
	EndGlobalSection
	GlobalSection(ProjectConfigurationPlatforms) = postSolution
		{B9F62E96-74EE-4604-A09F-0781DC68A228}.Debug|Any CPU.ActiveCfg = Debug|Any CPU
		{B9F62E96-74EE-4604-A09F-0781DC68A228}.Debug|Any CPU.Build.0 = Debug|Any CPU
		{B9F62E96-74EE-4604-A09F-0781DC68A228}.Release|Any CPU.ActiveCfg = Release|Any CPU
		{B9F62E96-74EE-4604-A09F-0781DC68A228}.Release|Any CPU.Build.0 = Release|Any CPU
		{BE623D75-1939-4036-A8C7-14C2A24AD315}.Debug|Any CPU.ActiveCfg = Debug|Any CPU
		{BE623D75-1939-4036-A8C7-14C2A24AD315}.Debug|Any CPU.Build.0 = Debug|Any CPU
		{BE623D75-1939-4036-A8C7-14C2A24AD315}.Release|Any CPU.ActiveCfg = Release|Any CPU
		{BE623D75-1939-4036-A8C7-14C2A24AD315}.Release|Any CPU.Build.0 = Release|Any CPU
	EndGlobalSection
	GlobalSection(SolutionProperties) = preSolution
		HideSolutionNode = FALSE
	EndGlobalSection
	GlobalSection(ExtensibilityGlobals) = postSolution
		SolutionGuid = {6CEF6DC9-42F0-4DEE-B1EE-F73206CDA28E}
	EndGlobalSection
EndGlobal
